
Microsoft Visual Studio Solution File, Format Version 12.00
# Visual Studio Version 17
VisualStudioVersion = 17.14.36429.23 d17.14
MinimumVisualStudioVersion = 10.0.40219.1
Project("{FAE04EC0-301F-11D3-BF4B-00C04F79EFBC}") = "WebApplication2.Api", "WebApplication2\WebApplication2.Api.csproj", "{FC91A37C-4D9E-4001-9FF8-BCFA1E4E1977}"
EndProject
Project("{FAE04EC0-301F-11D3-BF4B-00C04F79EFBC}") = "WebApplication2.Domain", "WebApplication2.Domain\WebApplication2.Domain.csproj", "{DEF73A0D-BC76-4648-83B2-8A3A001F94E8}"
EndProject
Project("{FAE04EC0-301F-11D3-BF4B-00C04F79EFBC}") = "WebApplication2.Infrastructure", "WebApplication2.Infrastructure\WebApplication2.Infrastructure.csproj", "{2FDF544D-B872-4756-A40A-C6A16A6104C5}"
EndProject
Global
	GlobalSection(SolutionConfigurationPlatforms) = preSolution
		Debug|Any CPU = Debug|Any CPU
		Release|Any CPU = Release|Any CPU
	EndGlobalSection
	GlobalSection(ProjectConfigurationPlatforms) = postSolution
		{FC91A37C-4D9E-4001-9FF8-BCFA1E4E1977}.Debug|Any CPU.ActiveCfg = Debug|Any CPU
		{FC91A37C-4D9E-4001-9FF8-BCFA1E4E1977}.Debug|Any CPU.Build.0 = Debug|Any CPU
		{FC91A37C-4D9E-4001-9FF8-BCFA1E4E1977}.Release|Any CPU.ActiveCfg = Release|Any CPU
		{FC91A37C-4D9E-4001-9FF8-BCFA1E4E1977}.Release|Any CPU.Build.0 = Release|Any CPU
		{DEF73A0D-BC76-4648-83B2-8A3A001F94E8}.Debug|Any CPU.ActiveCfg = Debug|Any CPU
		{DEF73A0D-BC76-4648-83B2-8A3A001F94E8}.Debug|Any CPU.Build.0 = Debug|Any CPU
		{DEF73A0D-BC76-4648-83B2-8A3A001F94E8}.Release|Any CPU.ActiveCfg = Release|Any CPU
		{DEF73A0D-BC76-4648-83B2-8A3A001F94E8}.Release|Any CPU.Build.0 = Release|Any CPU
		{2FDF544D-B872-4756-A40A-C6A16A6104C5}.Debug|Any CPU.ActiveCfg = Debug|Any CPU
		{2FDF544D-B872-4756-A40A-C6A16A6104C5}.Debug|Any CPU.Build.0 = Debug|Any CPU
		{2FDF544D-B872-4756-A40A-C6A16A6104C5}.Release|Any CPU.ActiveCfg = Release|Any CPU
		{2FDF544D-B872-4756-A40A-C6A16A6104C5}.Release|Any CPU.Build.0 = Release|Any CPU
	EndGlobalSection
	GlobalSection(SolutionProperties) = preSolution
		HideSolutionNode = FALSE
	EndGlobalSection
	GlobalSection(ExtensibilityGlobals) = postSolution
		SolutionGuid = {F17F0A84-8B96-4131-95C6-99E53EFF9A77}
	EndGlobalSection
EndGlobal
